
Microsoft Visual Studio Solution File, Format Version 11.00
# Visual Studio 2010
Project("{FAE04EC0-301F-11D3-BF4B-00C04F79EFBC}") = "Unity.Timeline", "Unity.Timeline.csproj", "{543fb45d-f949-3f4c-ce18-8733293143a8}"
EndProject
Project("{FAE04EC0-301F-11D3-BF4B-00C04F79EFBC}") = "Unity.Timeline.Editor", "Unity.Timeline.Editor.csproj", "{46c40ecf-cb8f-82f7-2d67-70aec1111cb7}"
EndProject
Project("{FAE04EC0-301F-11D3-BF4B-00C04F79EFBC}") = "Unity.XR.Simulation", "Unity.XR.Simulation.csproj", "{390daec0-bd34-b456-d534-0a6706d16711}"
EndProject
Project("{FAE04EC0-301F-11D3-BF4B-00C04F79EFBC}") = "Unity.XR.ARCore.Editor", "Unity.XR.ARCore.Editor.csproj", "{4a5b9eae-a935-7f89-47af-1415a8505961}"
EndProject
Project("{FAE04EC0-301F-11D3-BF4B-00C04F79EFBC}") = "Unity.TextMeshPro.Editor", "Unity.TextMeshPro.Editor.csproj", "{80d34620-7769-7616-b458-0d11c4359aa2}"
EndProject
Project("{FAE04EC0-301F-11D3-BF4B-00C04F79EFBC}") = "Unity.XR.Management", "Unity.XR.Management.csproj", "{71485843-8562-821c-99c9-8180808ff0f6}"
EndProject
Project("{FAE04EC0-301F-11D3-BF4B-00C04F79EFBC}") = "Unity.PlasticSCM.Editor", "Unity.PlasticSCM.Editor.csproj", "{f0cc9cc2-b18f-d0b6-3815-d498b194cb71}"
EndProject
Project("{FAE04EC0-301F-11D3-BF4B-00C04F79EFBC}") = "Unity.InputSystem", "Unity.InputSystem.csproj", "{3335427d-6f36-fba7-3fd0-f94087b9b0c4}"
EndProject
Project("{FAE04EC0-301F-11D3-BF4B-00C04F79EFBC}") = "Unity.XR.ARFoundation.Editor", "Unity.XR.ARFoundation.Editor.csproj", "{815f3348-79bd-f49c-4d46-1b5f82ce8dfe}"
EndProject
Project("{FAE04EC0-301F-11D3-BF4B-00C04F79EFBC}") = "Unity.VisualScripting.Flow", "Unity.VisualScripting.Flow.csproj", "{a0c22a9d-9b73-7aa3-9327-1ccf8f5f1c0b}"
EndProject
Project("{FAE04EC0-301F-11D3-BF4B-00C04F79EFBC}") = "UnityEditor.UI", "UnityEditor.UI.csproj", "{ef7d4e16-a5d9-d7f4-12fc-227803ed6fb0}"
EndProject
Project("{FAE04EC0-301F-11D3-BF4B-00C04F79EFBC}") = "Unity.XR.CoreUtils.Editor", "Unity.XR.CoreUtils.Editor.csproj", "{f4a3a006-6c66-e7d3-2633-1a309b9c2381}"
EndProject
Project("{FAE04EC0-301F-11D3-BF4B-00C04F79EFBC}") = "Unity.VisualScripting.Core", "Unity.VisualScripting.Core.csproj", "{b36ae92c-147c-2f75-5a9c-eaf4179f3dd1}"
EndProject
Project("{FAE04EC0-301F-11D3-BF4B-00C04F79EFBC}") = "Unity.XR.ARCore", "Unity.XR.ARCore.csproj", "{3fe54a31-7a4c-62a5-0190-f78ecf299104}"
EndProject
Project("{FAE04EC0-301F-11D3-BF4B-00C04F79EFBC}") = "Unity.Mathematics", "Unity.Mathematics.csproj", "{1957a41e-b57f-22e3-b912-61f1529b0e1e}"
EndProject
Project("{FAE04EC0-301F-11D3-BF4B-00C04F79EFBC}") = "Unity.VisualScripting.Core.Editor", "Unity.VisualScripting.Core.Editor.csproj", "{ecf30ee0-ac44-a94d-a1d3-e603af7886f7}"
EndProject
Project("{FAE04EC0-301F-11D3-BF4B-00C04F79EFBC}") = "Unity.VisualScripting.Flow.Editor", "Unity.VisualScripting.Flow.Editor.csproj", "{6b4f0544-9cbd-b7a0-5bac-482858ec5f3a}"
EndProject
Project("{FAE04EC0-301F-11D3-BF4B-00C04F79EFBC}") = "UnityEditor.TestRunner", "UnityEditor.TestRunner.csproj", "{64f0203c-abac-74b8-9b61-2710fbad75b7}"
EndProject
Project("{FAE04EC0-301F-11D3-BF4B-00C04F79EFBC}") = "Unity.XR.ARSubsystems", "Unity.XR.ARSubsystems.csproj", "{84e82a4b-355e-ce3c-1d73-ea9553b4c1c2}"
EndProject
Project("{FAE04EC0-301F-11D3-BF4B-00C04F79EFBC}") = "Unity.XR.CoreUtils", "Unity.XR.CoreUtils.csproj", "{3c74dfec-2000-f4d0-1231-755196b8a669}"
EndProject
Project("{FAE04EC0-301F-11D3-BF4B-00C04F79EFBC}") = "Unity.VisualScripting.SettingsProvider.Editor", "Unity.VisualScripting.SettingsProvider.Editor.csproj", "{90567281-b8c0-b608-eafb-923d4aa4cf4c}"
EndProject
Project("{FAE04EC0-301F-11D3-BF4B-00C04F79EFBC}") = "Unity.XR.ARFoundation", "Unity.XR.ARFoundation.csproj", "{5209cd48-2287-2a82-0435-ed2b5563e07a}"
EndProject
Project("{FAE04EC0-301F-11D3-BF4B-00C04F79EFBC}") = "UnityEngine.TestRunner", "UnityEngine.TestRunner.csproj", "{7abb4825-7777-d928-076c-4493bf48f810}"
EndProject
Project("{FAE04EC0-301F-11D3-BF4B-00C04F79EFBC}") = "Unity.XR.Management.Editor", "Unity.XR.Management.Editor.csproj", "{44a91791-d5f6-06a6-31ba-23e3ab997322}"
EndProject
Project("{FAE04EC0-301F-11D3-BF4B-00C04F79EFBC}") = "UnityEngine.UI", "UnityEngine.UI.csproj", "{d2a59451-5483-c1f5-c53c-7fe2836247f0}"
EndProject
Project("{FAE04EC0-301F-11D3-BF4B-00C04F79EFBC}") = "Unity.VisualStudio.Editor", "Unity.VisualStudio.Editor.csproj", "{882e2f47-7862-9de6-8764-9f8a18b16e1a}"
EndProject
Project("{FAE04EC0-301F-11D3-BF4B-00C04F79EFBC}") = "Unity.XR.ARFoundation.VisualScripting", "Unity.XR.ARFoundation.VisualScripting.csproj", "{615e308f-f176-c153-02b8-a1cc1089c333}"
EndProject
Project("{FAE04EC0-301F-11D3-BF4B-00C04F79EFBC}") = "Unity.XR.ARFoundation.VisualScripting.Editor", "Unity.XR.ARFoundation.VisualScripting.Editor.csproj", "{00816048-3df1-1c87-96ec-8d468fba506c}"
EndProject
Project("{FAE04EC0-301F-11D3-BF4B-00C04F79EFBC}") = "Unity.TestTools.CodeCoverage.Editor.OpenCover.Model", "Unity.TestTools.CodeCoverage.Editor.OpenCover.Model.csproj", "{ef873f86-894a-b8a3-e237-0d0b8a19d589}"
EndProject
Project("{FAE04EC0-301F-11D3-BF4B-00C04F79EFBC}") = "Unity.XR.Simulation.Editor", "Unity.XR.Simulation.Editor.csproj", "{75b1c47c-b44b-27a9-b6d2-a4d8f47b53b8}"
EndProject
Project("{FAE04EC0-301F-11D3-BF4B-00C04F79EFBC}") = "Unity.Rider.Editor", "Unity.Rider.Editor.csproj", "{8622ebbe-35e4-b911-0ee3-be4dbe846a7c}"
EndProject
Project("{FAE04EC0-301F-11D3-BF4B-00C04F79EFBC}") = "Unity.CollabProxy.Editor", "Unity.CollabProxy.Editor.csproj", "{1e6aa069-e847-1acb-cb39-fb62dade0060}"
EndProject
Project("{FAE04EC0-301F-11D3-BF4B-00C04F79EFBC}") = "Unity.VisualScripting.State.Editor", "Unity.VisualScripting.State.Editor.csproj", "{dac8734d-8631-0c39-12a6-bd624e79d566}"
EndProject
Project("{FAE04EC0-301F-11D3-BF4B-00C04F79EFBC}") = "UnityEditor.XR.LegacyInputHelpers", "UnityEditor.XR.LegacyInputHelpers.csproj", "{9d99ad22-d878-87c6-9f01-f34dda8e5b1b}"
EndProject
Project("{FAE04EC0-301F-11D3-BF4B-00C04F79EFBC}") = "Unity.TestTools.CodeCoverage.Editor", "Unity.TestTools.CodeCoverage.Editor.csproj", "{71b41835-f77a-4379-3828-777a45dde28b}"
EndProject
Project("{FAE04EC0-301F-11D3-BF4B-00C04F79EFBC}") = "Unity.VisualScripting.State", "Unity.VisualScripting.State.csproj", "{a41e2b35-506b-49da-7b94-388757ab1ed2}"
EndProject
Project("{FAE04EC0-301F-11D3-BF4B-00C04F79EFBC}") = "Unity.TextMeshPro", "Unity.TextMeshPro.csproj", "{aabe05b0-b1cd-9d4d-cbca-c1250745b988}"
EndProject
Project("{FAE04EC0-301F-11D3-BF4B-00C04F79EFBC}") = "Unity.Performance.Profile-Analyzer.Editor", "Unity.Performance.Profile-Analyzer.Editor.csproj", "{de9dd619-5f1b-138e-fb48-043135541de5}"
EndProject
Project("{FAE04EC0-301F-11D3-BF4B-00C04F79EFBC}") = "Unity.XR.ARSubsystems.Editor", "Unity.XR.ARSubsystems.Editor.csproj", "{411173b8-49fd-b0b6-3cb8-a771c16fd704}"
EndProject
Project("{FAE04EC0-301F-11D3-BF4B-00C04F79EFBC}") = "Unity.InputSystem.TestFramework", "Unity.InputSystem.TestFramework.csproj", "{64ef919f-a4e0-be0a-6c07-58c127be6178}"
EndProject
Project("{FAE04EC0-301F-11D3-BF4B-00C04F79EFBC}") = "Unity.VSCode.Editor", "Unity.VSCode.Editor.csproj", "{367090f2-9357-d6bf-2285-a8f37770b672}"
EndProject
Project("{FAE04EC0-301F-11D3-BF4B-00C04F79EFBC}") = "Unity.TestTools.CodeCoverage.Editor.OpenCover.Mono.Reflection", "Unity.TestTools.CodeCoverage.Editor.OpenCover.Mono.Reflection.csproj", "{88bb4300-a8a0-807a-0ba7-5026a1412f02}"
EndProject
Project("{FAE04EC0-301F-11D3-BF4B-00C04F79EFBC}") = "UnityEditor.SpatialTracking", "UnityEditor.SpatialTracking.csproj", "{3fbfe017-9393-7c56-fbc2-d38a192cc380}"
EndProject
Project("{FAE04EC0-301F-11D3-BF4B-00C04F79EFBC}") = "Unity.Settings.Editor", "Unity.Settings.Editor.csproj", "{0754fb9e-495f-00f9-6f01-86a45b33871b}"
EndProject
Project("{FAE04EC0-301F-11D3-BF4B-00C04F79EFBC}") = "Unity.XR.ARAnalytics.Editor", "Unity.XR.ARAnalytics.Editor.csproj", "{44ab05a1-d52d-143c-6092-0dc175fbae1a}"
EndProject
Project("{FAE04EC0-301F-11D3-BF4B-00C04F79EFBC}") = "Unity.XR.ARFoundation.InternalUtils", "Unity.XR.ARFoundation.InternalUtils.csproj", "{16263e80-04b2-5b8d-f58d-ae76108ed9ba}"
EndProject
Project("{FAE04EC0-301F-11D3-BF4B-00C04F79EFBC}") = "UnityEngine.SpatialTracking", "UnityEngine.SpatialTracking.csproj", "{5c133c0f-bb93-085d-c748-9726f060bc51}"
EndProject
Project("{FAE04EC0-301F-11D3-BF4B-00C04F79EFBC}") = "Unity.InputSystem.ForUI", "Unity.InputSystem.ForUI.csproj", "{c7fd1430-86d0-98b1-aa14-911bf9f0b4fc}"
EndProject
Project("{FAE04EC0-301F-11D3-BF4B-00C04F79EFBC}") = "Unity.EditorCoroutines.Editor", "Unity.EditorCoroutines.Editor.csproj", "{b9627ad3-f2e1-098c-ff8c-209129691ae7}"
EndProject
Project("{FAE04EC0-301F-11D3-BF4B-00C04F79EFBC}") = "Unity.Mathematics.Editor", "Unity.Mathematics.Editor.csproj", "{658e1d91-0916-bcac-6df4-929a384526db}"
EndProject
Project("{FAE04EC0-301F-11D3-BF4B-00C04F79EFBC}") = "UnityEngine.XR.LegacyInputHelpers", "UnityEngine.XR.LegacyInputHelpers.csproj", "{dff0cd5a-31c0-9c63-011a-8f8f3f8093e7}"
EndProject
Project("{FAE04EC0-301F-11D3-BF4B-00C04F79EFBC}") = "Unity.VisualScripting.Shared.Editor", "Unity.VisualScripting.Shared.Editor.csproj", "{1dad85e0-6dd7-019e-e9fc-1e765d313b00}"
EndProject
Project("{FAE04EC0-301F-11D3-BF4B-00C04F79EFBC}") = "Assembly-CSharp-Editor", "Assembly-CSharp-Editor.csproj", "{b5cac86a-aa5d-cd08-bc1f-9900e58e3f90}"
EndProject
Project("{FAE04EC0-301F-11D3-BF4B-00C04F79EFBC}") = "Assembly-CSharp", "Assembly-CSharp.csproj", "{9bdfe774-70e8-df0f-a074-207358ddde29}"
EndProject
Project("{FAE04EC0-301F-11D3-BF4B-00C04F79EFBC}") = "Unity.Mathematics.Tests", "Unity.Mathematics.Tests.csproj", "{af90bc4e-f49b-80c7-ae2b-c60b5641d1b2}"
EndProject
Project("{FAE04EC0-301F-11D3-BF4B-00C04F79EFBC}") = "Unity.XR.ARCore.Runtime.Tests", "Unity.XR.ARCore.Runtime.Tests.csproj", "{13d52b4c-5f69-ea63-dbca-b1df0bbbb8d9}"
EndProject
Project("{FAE04EC0-301F-11D3-BF4B-00C04F79EFBC}") = "Unity.XR.ARFoundation.Runtime.Tests", "Unity.XR.ARFoundation.Runtime.Tests.csproj", "{2cbe5c76-a76a-b621-80dd-f9bf267c0098}"
EndProject
Project("{FAE04EC0-301F-11D3-BF4B-00C04F79EFBC}") = "Unity.XR.Management.EditorTests", "Unity.XR.Management.EditorTests.csproj", "{cae84488-e7a1-0a23-cbc7-7886089a6a1d}"
EndProject
Project("{FAE04EC0-301F-11D3-BF4B-00C04F79EFBC}") = "Unity.TestTools.CodeCoverage.Editor.Compatibility", "Unity.TestTools.CodeCoverage.Editor.Compatibility.csproj", "{ae442fc0-f173-f53d-a6f9-ce39a02fcc9a}"
EndProject
Project("{FAE04EC0-301F-11D3-BF4B-00C04F79EFBC}") = "UnityEditor.XR.LegacyInputHelpers.Tests", "UnityEditor.XR.LegacyInputHelpers.Tests.csproj", "{be7466bd-fc45-2a2b-7d00-9d2ba9fc68c0}"
EndProject
Project("{FAE04EC0-301F-11D3-BF4B-00C04F79EFBC}") = "Unity.TextMeshPro.Editor.Tests", "Unity.TextMeshPro.Editor.Tests.csproj", "{933841c3-bead-ac59-c47c-4c9a445612ee}"
EndProject
Project("{FAE04EC0-301F-11D3-BF4B-00C04F79EFBC}") = "DocCodeExamples", "DocCodeExamples.csproj", "{453a0277-588d-3f97-9a53-5ff188018faf}"
EndProject
Project("{FAE04EC0-301F-11D3-BF4B-00C04F79EFBC}") = "Unity.XR.Management.TestPackage.Editor", "Unity.XR.Management.TestPackage.Editor.csproj", "{0eaa0331-76c0-5b6f-3dc3-0188d1502973}"
EndProject
Project("{FAE04EC0-301F-11D3-BF4B-00C04F79EFBC}") = "Unity.XR.TestSupport", "Unity.XR.TestSupport.csproj", "{ddcde090-8abf-1f26-ea10-73b42e7aebfd}"
EndProject
Project("{FAE04EC0-301F-11D3-BF4B-00C04F79EFBC}") = "Unity.XR.Management.Tests.Standalone", "Unity.XR.Management.Tests.Standalone.csproj", "{9eeefa88-8f30-4c15-1503-a37d915c3c62}"
EndProject
Project("{FAE04EC0-301F-11D3-BF4B-00C04F79EFBC}") = "Unity.Performance.Profile-Analyzer.EditorTests", "Unity.Performance.Profile-Analyzer.EditorTests.csproj", "{bcc71e70-c018-2eab-3b18-072ff60ebcf3}"
EndProject
Project("{FAE04EC0-301F-11D3-BF4B-00C04F79EFBC}") = "Unity.XR.ARFoundation.Editor.Tests", "Unity.XR.ARFoundation.Editor.Tests.csproj", "{4563026c-2e00-f079-27bc-d6d342610bab}"
EndProject
Project("{FAE04EC0-301F-11D3-BF4B-00C04F79EFBC}") = "Unity.XR.CoreUtils.Editor.Tests", "Unity.XR.CoreUtils.Editor.Tests.csproj", "{e526d0cb-1a55-4145-4040-8fe4ea52db0c}"
EndProject
Project("{FAE04EC0-301F-11D3-BF4B-00C04F79EFBC}") = "Unity.Settings.Tests", "Unity.Settings.Tests.csproj", "{e56aced4-6dc2-8a8a-ddb6-acd98c5c9de1}"
EndProject
Project("{FAE04EC0-301F-11D3-BF4B-00C04F79EFBC}") = "Unity.XR.CoreUtils.Tests", "Unity.XR.CoreUtils.Tests.csproj", "{11556a11-fdc1-ac6f-81b9-a049dd9c5d2b}"
EndProject
Project("{FAE04EC0-301F-11D3-BF4B-00C04F79EFBC}") = "UnityEngine.UI.Tests", "UnityEngine.UI.Tests.csproj", "{ee256e06-cb4f-beb1-03d1-8ebcedb31199}"
EndProject
Project("{FAE04EC0-301F-11D3-BF4B-00C04F79EFBC}") = "Unity.XR.Management.Tests", "Unity.XR.Management.Tests.csproj", "{fa37f59d-f0f8-8800-5e37-df0cbd3e1e4f}"
EndProject
Project("{FAE04EC0-301F-11D3-BF4B-00C04F79EFBC}") = "Unity.InputSystem.IntegrationTests", "Unity.InputSystem.IntegrationTests.csproj", "{93651e88-18de-2bfe-10c8-f12ccd55521b}"
EndProject
Project("{FAE04EC0-301F-11D3-BF4B-00C04F79EFBC}") = "Unity.XR.ARFoundation.InternalUtils.Editor.Tests", "Unity.XR.ARFoundation.InternalUtils.Editor.Tests.csproj", "{6c942fa2-7906-584e-7026-dc2b1ddd98c1}"
EndProject
Project("{FAE04EC0-301F-11D3-BF4B-00C04F79EFBC}") = "Unity.XR.ARFoundation.CodeSamples.Tests", "Unity.XR.ARFoundation.CodeSamples.Tests.csproj", "{5d426463-6602-2bb1-2bc1-1f2c2f0c03e3}"
EndProject
Project("{FAE04EC0-301F-11D3-BF4B-00C04F79EFBC}") = "Unity.XR.Management.TestPackage", "Unity.XR.Management.TestPackage.csproj", "{d6c80cf8-61af-9968-8bed-7c1984a32c97}"
EndProject
Project("{FAE04EC0-301F-11D3-BF4B-00C04F79EFBC}") = "Unity.TextMeshPro.Tests", "Unity.TextMeshPro.Tests.csproj", "{6bc079b2-d14a-4089-c6b1-5dc35f34f502}"
EndProject
Project("{FAE04EC0-301F-11D3-BF4B-00C04F79EFBC}") = "UnityEditor.UI.EditorTests", "UnityEditor.UI.EditorTests.csproj", "{1ba48d94-8ab9-0f5b-9326-d70f6605c757}"
EndProject
Project("{FAE04EC0-301F-11D3-BF4B-00C04F79EFBC}") = "Unity.XR.Simulation.Runtime.Tests", "Unity.XR.Simulation.Runtime.Tests.csproj", "{bfeae051-17c6-fdc2-edb4-a545ab42f0c3}"
EndProject
Project("{FAE04EC0-301F-11D3-BF4B-00C04F79EFBC}") = "Unity.XR.CoreUtils.CodeSamples.Tests", "Unity.XR.CoreUtils.CodeSamples.Tests.csproj", "{3fcb4e9c-3ac7-d04a-961d-41d57bf0f5dd}"
EndProject
Project("{FAE04EC0-301F-11D3-BF4B-00C04F79EFBC}") = "UnityEngine.SpatialTracking.Tests", "UnityEngine.SpatialTracking.Tests.csproj", "{f3c5e28e-fcef-f4e3-d189-e7da9cf6fafa}"
EndProject
Project("{FAE04EC0-301F-11D3-BF4B-00C04F79EFBC}") = "Unity.XR.ARCore.Editor.Tests", "Unity.XR.ARCore.Editor.Tests.csproj", "{9ec9949b-4f6c-df67-9a2c-cbab4651c122}"
EndProject
Project("{FAE04EC0-301F-11D3-BF4B-00C04F79EFBC}") = "Unity.XR.TestTooling.Editor.Tests", "Unity.XR.TestTooling.Editor.Tests.csproj", "{85971990-298b-dfdb-331a-7d1c10aa878e}"
EndProject
Project("{FAE04EC0-301F-11D3-BF4B-00C04F79EFBC}") = "Unity.XR.ARSubsystems.Editor.Tests", "Unity.XR.ARSubsystems.Editor.Tests.csproj", "{632185c5-85f7-cf46-3f34-210eadf96222}"
EndProject
Project("{FAE04EC0-301F-11D3-BF4B-00C04F79EFBC}") = "Unity.XR.ARFoundation.CodeSamples.Editor.Tests", "Unity.XR.ARFoundation.CodeSamples.Editor.Tests.csproj", "{7f898e58-87ee-ade6-556e-88f7695febee}"
EndProject
Global
	GlobalSection(SolutionConfigurationPlatforms) = preSolution
		Debug|Any CPU = Debug|Any CPU
	EndGlobalSection
	GlobalSection(ProjectConfigurationPlatforms) = postSolution
		{543fb45d-f949-3f4c-ce18-8733293143a8}.Debug|Any CPU.ActiveCfg = Debug|Any CPU
		{543fb45d-f949-3f4c-ce18-8733293143a8}.Debug|Any CPU.Build.0 = Debug|Any CPU
		{46c40ecf-cb8f-82f7-2d67-70aec1111cb7}.Debug|Any CPU.ActiveCfg = Debug|Any CPU
		{46c40ecf-cb8f-82f7-2d67-70aec1111cb7}.Debug|Any CPU.Build.0 = Debug|Any CPU
		{390daec0-bd34-b456-d534-0a6706d16711}.Debug|Any CPU.ActiveCfg = Debug|Any CPU
		{390daec0-bd34-b456-d534-0a6706d16711}.Debug|Any CPU.Build.0 = Debug|Any CPU
		{4a5b9eae-a935-7f89-47af-1415a8505961}.Debug|Any CPU.ActiveCfg = Debug|Any CPU
		{4a5b9eae-a935-7f89-47af-1415a8505961}.Debug|Any CPU.Build.0 = Debug|Any CPU
		{80d34620-7769-7616-b458-0d11c4359aa2}.Debug|Any CPU.ActiveCfg = Debug|Any CPU
		{80d34620-7769-7616-b458-0d11c4359aa2}.Debug|Any CPU.Build.0 = Debug|Any CPU
		{71485843-8562-821c-99c9-8180808ff0f6}.Debug|Any CPU.ActiveCfg = Debug|Any CPU
		{71485843-8562-821c-99c9-8180808ff0f6}.Debug|Any CPU.Build.0 = Debug|Any CPU
		{f0cc9cc2-b18f-d0b6-3815-d498b194cb71}.Debug|Any CPU.ActiveCfg = Debug|Any CPU
		{f0cc9cc2-b18f-d0b6-3815-d498b194cb71}.Debug|Any CPU.Build.0 = Debug|Any CPU
		{3335427d-6f36-fba7-3fd0-f94087b9b0c4}.Debug|Any CPU.ActiveCfg = Debug|Any CPU
		{3335427d-6f36-fba7-3fd0-f94087b9b0c4}.Debug|Any CPU.Build.0 = Debug|Any CPU
		{815f3348-79bd-f49c-4d46-1b5f82ce8dfe}.Debug|Any CPU.ActiveCfg = Debug|Any CPU
		{815f3348-79bd-f49c-4d46-1b5f82ce8dfe}.Debug|Any CPU.Build.0 = Debug|Any CPU
		{a0c22a9d-9b73-7aa3-9327-1ccf8f5f1c0b}.Debug|Any CPU.ActiveCfg = Debug|Any CPU
		{a0c22a9d-9b73-7aa3-9327-1ccf8f5f1c0b}.Debug|Any CPU.Build.0 = Debug|Any CPU
		{ef7d4e16-a5d9-d7f4-12fc-227803ed6fb0}.Debug|Any CPU.ActiveCfg = Debug|Any CPU
		{ef7d4e16-a5d9-d7f4-12fc-227803ed6fb0}.Debug|Any CPU.Build.0 = Debug|Any CPU
		{f4a3a006-6c66-e7d3-2633-1a309b9c2381}.Debug|Any CPU.ActiveCfg = Debug|Any CPU
		{f4a3a006-6c66-e7d3-2633-1a309b9c2381}.Debug|Any CPU.Build.0 = Debug|Any CPU
		{b36ae92c-147c-2f75-5a9c-eaf4179f3dd1}.Debug|Any CPU.ActiveCfg = Debug|Any CPU
		{b36ae92c-147c-2f75-5a9c-eaf4179f3dd1}.Debug|Any CPU.Build.0 = Debug|Any CPU
		{3fe54a31-7a4c-62a5-0190-f78ecf299104}.Debug|Any CPU.ActiveCfg = Debug|Any CPU
		{3fe54a31-7a4c-62a5-0190-f78ecf299104}.Debug|Any CPU.Build.0 = Debug|Any CPU
		{1957a41e-b57f-22e3-b912-61f1529b0e1e}.Debug|Any CPU.ActiveCfg = Debug|Any CPU
		{1957a41e-b57f-22e3-b912-61f1529b0e1e}.Debug|Any CPU.Build.0 = Debug|Any CPU
		{ecf30ee0-ac44-a94d-a1d3-e603af7886f7}.Debug|Any CPU.ActiveCfg = Debug|Any CPU
		{ecf30ee0-ac44-a94d-a1d3-e603af7886f7}.Debug|Any CPU.Build.0 = Debug|Any CPU
		{6b4f0544-9cbd-b7a0-5bac-482858ec5f3a}.Debug|Any CPU.ActiveCfg = Debug|Any CPU
		{6b4f0544-9cbd-b7a0-5bac-482858ec5f3a}.Debug|Any CPU.Build.0 = Debug|Any CPU
		{64f0203c-abac-74b8-9b61-2710fbad75b7}.Debug|Any CPU.ActiveCfg = Debug|Any CPU
		{64f0203c-abac-74b8-9b61-2710fbad75b7}.Debug|Any CPU.Build.0 = Debug|Any CPU
		{84e82a4b-355e-ce3c-1d73-ea9553b4c1c2}.Debug|Any CPU.ActiveCfg = Debug|Any CPU
		{84e82a4b-355e-ce3c-1d73-ea9553b4c1c2}.Debug|Any CPU.Build.0 = Debug|Any CPU
		{3c74dfec-2000-f4d0-1231-755196b8a669}.Debug|Any CPU.ActiveCfg = Debug|Any CPU
		{3c74dfec-2000-f4d0-1231-755196b8a669}.Debug|Any CPU.Build.0 = Debug|Any CPU
		{90567281-b8c0-b608-eafb-923d4aa4cf4c}.Debug|Any CPU.ActiveCfg = Debug|Any CPU
		{90567281-b8c0-b608-eafb-923d4aa4cf4c}.Debug|Any CPU.Build.0 = Debug|Any CPU
		{5209cd48-2287-2a82-0435-ed2b5563e07a}.Debug|Any CPU.ActiveCfg = Debug|Any CPU
		{5209cd48-2287-2a82-0435-ed2b5563e07a}.Debug|Any CPU.Build.0 = Debug|Any CPU
		{7abb4825-7777-d928-076c-4493bf48f810}.Debug|Any CPU.ActiveCfg = Debug|Any CPU
		{7abb4825-7777-d928-076c-4493bf48f810}.Debug|Any CPU.Build.0 = Debug|Any CPU
		{44a91791-d5f6-06a6-31ba-23e3ab997322}.Debug|Any CPU.ActiveCfg = Debug|Any CPU
		{44a91791-d5f6-06a6-31ba-23e3ab997322}.Debug|Any CPU.Build.0 = Debug|Any CPU
		{d2a59451-5483-c1f5-c53c-7fe2836247f0}.Debug|Any CPU.ActiveCfg = Debug|Any CPU
		{d2a59451-5483-c1f5-c53c-7fe2836247f0}.Debug|Any CPU.Build.0 = Debug|Any CPU
		{882e2f47-7862-9de6-8764-9f8a18b16e1a}.Debug|Any CPU.ActiveCfg = Debug|Any CPU
		{882e2f47-7862-9de6-8764-9f8a18b16e1a}.Debug|Any CPU.Build.0 = Debug|Any CPU
		{615e308f-f176-c153-02b8-a1cc1089c333}.Debug|Any CPU.ActiveCfg = Debug|Any CPU
		{615e308f-f176-c153-02b8-a1cc1089c333}.Debug|Any CPU.Build.0 = Debug|Any CPU
		{00816048-3df1-1c87-96ec-8d468fba506c}.Debug|Any CPU.ActiveCfg = Debug|Any CPU
		{00816048-3df1-1c87-96ec-8d468fba506c}.Debug|Any CPU.Build.0 = Debug|Any CPU
		{ef873f86-894a-b8a3-e237-0d0b8a19d589}.Debug|Any CPU.ActiveCfg = Debug|Any CPU
		{ef873f86-894a-b8a3-e237-0d0b8a19d589}.Debug|Any CPU.Build.0 = Debug|Any CPU
		{75b1c47c-b44b-27a9-b6d2-a4d8f47b53b8}.Debug|Any CPU.ActiveCfg = Debug|Any CPU
		{75b1c47c-b44b-27a9-b6d2-a4d8f47b53b8}.Debug|Any CPU.Build.0 = Debug|Any CPU
		{8622ebbe-35e4-b911-0ee3-be4dbe846a7c}.Debug|Any CPU.ActiveCfg = Debug|Any CPU
		{8622ebbe-35e4-b911-0ee3-be4dbe846a7c}.Debug|Any CPU.Build.0 = Debug|Any CPU
		{1e6aa069-e847-1acb-cb39-fb62dade0060}.Debug|Any CPU.ActiveCfg = Debug|Any CPU
		{1e6aa069-e847-1acb-cb39-fb62dade0060}.Debug|Any CPU.Build.0 = Debug|Any CPU
		{dac8734d-8631-0c39-12a6-bd624e79d566}.Debug|Any CPU.ActiveCfg = Debug|Any CPU
		{dac8734d-8631-0c39-12a6-bd624e79d566}.Debug|Any CPU.Build.0 = Debug|Any CPU
		{9d99ad22-d878-87c6-9f01-f34dda8e5b1b}.Debug|Any CPU.ActiveCfg = Debug|Any CPU
		{9d99ad22-d878-87c6-9f01-f34dda8e5b1b}.Debug|Any CPU.Build.0 = Debug|Any CPU
		{71b41835-f77a-4379-3828-777a45dde28b}.Debug|Any CPU.ActiveCfg = Debug|Any CPU
		{71b41835-f77a-4379-3828-777a45dde28b}.Debug|Any CPU.Build.0 = Debug|Any CPU
		{a41e2b35-506b-49da-7b94-388757ab1ed2}.Debug|Any CPU.ActiveCfg = Debug|Any CPU
		{a41e2b35-506b-49da-7b94-388757ab1ed2}.Debug|Any CPU.Build.0 = Debug|Any CPU
		{aabe05b0-b1cd-9d4d-cbca-c1250745b988}.Debug|Any CPU.ActiveCfg = Debug|Any CPU
		{aabe05b0-b1cd-9d4d-cbca-c1250745b988}.Debug|Any CPU.Build.0 = Debug|Any CPU
		{de9dd619-5f1b-138e-fb48-043135541de5}.Debug|Any CPU.ActiveCfg = Debug|Any CPU
		{de9dd619-5f1b-138e-fb48-043135541de5}.Debug|Any CPU.Build.0 = Debug|Any CPU
		{411173b8-49fd-b0b6-3cb8-a771c16fd704}.Debug|Any CPU.ActiveCfg = Debug|Any CPU
		{411173b8-49fd-b0b6-3cb8-a771c16fd704}.Debug|Any CPU.Build.0 = Debug|Any CPU
		{64ef919f-a4e0-be0a-6c07-58c127be6178}.Debug|Any CPU.ActiveCfg = Debug|Any CPU
		{64ef919f-a4e0-be0a-6c07-58c127be6178}.Debug|Any CPU.Build.0 = Debug|Any CPU
		{367090f2-9357-d6bf-2285-a8f37770b672}.Debug|Any CPU.ActiveCfg = Debug|Any CPU
		{367090f2-9357-d6bf-2285-a8f37770b672}.Debug|Any CPU.Build.0 = Debug|Any CPU
		{88bb4300-a8a0-807a-0ba7-5026a1412f02}.Debug|Any CPU.ActiveCfg = Debug|Any CPU
		{88bb4300-a8a0-807a-0ba7-5026a1412f02}.Debug|Any CPU.Build.0 = Debug|Any CPU
		{3fbfe017-9393-7c56-fbc2-d38a192cc380}.Debug|Any CPU.ActiveCfg = Debug|Any CPU
		{3fbfe017-9393-7c56-fbc2-d38a192cc380}.Debug|Any CPU.Build.0 = Debug|Any CPU
		{0754fb9e-495f-00f9-6f01-86a45b33871b}.Debug|Any CPU.ActiveCfg = Debug|Any CPU
		{0754fb9e-495f-00f9-6f01-86a45b33871b}.Debug|Any CPU.Build.0 = Debug|Any CPU
		{44ab05a1-d52d-143c-6092-0dc175fbae1a}.Debug|Any CPU.ActiveCfg = Debug|Any CPU
		{44ab05a1-d52d-143c-6092-0dc175fbae1a}.Debug|Any CPU.Build.0 = Debug|Any CPU
		{16263e80-04b2-5b8d-f58d-ae76108ed9ba}.Debug|Any CPU.ActiveCfg = Debug|Any CPU
		{16263e80-04b2-5b8d-f58d-ae76108ed9ba}.Debug|Any CPU.Build.0 = Debug|Any CPU
		{5c133c0f-bb93-085d-c748-9726f060bc51}.Debug|Any CPU.ActiveCfg = Debug|Any CPU
		{5c133c0f-bb93-085d-c748-9726f060bc51}.Debug|Any CPU.Build.0 = Debug|Any CPU
		{c7fd1430-86d0-98b1-aa14-911bf9f0b4fc}.Debug|Any CPU.ActiveCfg = Debug|Any CPU
		{c7fd1430-86d0-98b1-aa14-911bf9f0b4fc}.Debug|Any CPU.Build.0 = Debug|Any CPU
		{b9627ad3-f2e1-098c-ff8c-209129691ae7}.Debug|Any CPU.ActiveCfg = Debug|Any CPU
		{b9627ad3-f2e1-098c-ff8c-209129691ae7}.Debug|Any CPU.Build.0 = Debug|Any CPU
		{658e1d91-0916-bcac-6df4-929a384526db}.Debug|Any CPU.ActiveCfg = Debug|Any CPU
		{658e1d91-0916-bcac-6df4-929a384526db}.Debug|Any CPU.Build.0 = Debug|Any CPU
		{dff0cd5a-31c0-9c63-011a-8f8f3f8093e7}.Debug|Any CPU.ActiveCfg = Debug|Any CPU
		{dff0cd5a-31c0-9c63-011a-8f8f3f8093e7}.Debug|Any CPU.Build.0 = Debug|Any CPU
		{1dad85e0-6dd7-019e-e9fc-1e765d313b00}.Debug|Any CPU.ActiveCfg = Debug|Any CPU
		{1dad85e0-6dd7-019e-e9fc-1e765d313b00}.Debug|Any CPU.Build.0 = Debug|Any CPU
		{b5cac86a-aa5d-cd08-bc1f-9900e58e3f90}.Debug|Any CPU.ActiveCfg = Debug|Any CPU
		{b5cac86a-aa5d-cd08-bc1f-9900e58e3f90}.Debug|Any CPU.Build.0 = Debug|Any CPU
		{9bdfe774-70e8-df0f-a074-207358ddde29}.Debug|Any CPU.ActiveCfg = Debug|Any CPU
		{9bdfe774-70e8-df0f-a074-207358ddde29}.Debug|Any CPU.Build.0 = Debug|Any CPU
		{af90bc4e-f49b-80c7-ae2b-c60b5641d1b2}.Debug|Any CPU.ActiveCfg = Debug|Any CPU
		{af90bc4e-f49b-80c7-ae2b-c60b5641d1b2}.Debug|Any CPU.Build.0 = Debug|Any CPU
		{13d52b4c-5f69-ea63-dbca-b1df0bbbb8d9}.Debug|Any CPU.ActiveCfg = Debug|Any CPU
		{13d52b4c-5f69-ea63-dbca-b1df0bbbb8d9}.Debug|Any CPU.Build.0 = Debug|Any CPU
		{2cbe5c76-a76a-b621-80dd-f9bf267c0098}.Debug|Any CPU.ActiveCfg = Debug|Any CPU
		{2cbe5c76-a76a-b621-80dd-f9bf267c0098}.Debug|Any CPU.Build.0 = Debug|Any CPU
		{cae84488-e7a1-0a23-cbc7-7886089a6a1d}.Debug|Any CPU.ActiveCfg = Debug|Any CPU
		{cae84488-e7a1-0a23-cbc7-7886089a6a1d}.Debug|Any CPU.Build.0 = Debug|Any CPU
		{ae442fc0-f173-f53d-a6f9-ce39a02fcc9a}.Debug|Any CPU.ActiveCfg = Debug|Any CPU
		{ae442fc0-f173-f53d-a6f9-ce39a02fcc9a}.Debug|Any CPU.Build.0 = Debug|Any CPU
		{be7466bd-fc45-2a2b-7d00-9d2ba9fc68c0}.Debug|Any CPU.ActiveCfg = Debug|Any CPU
		{be7466bd-fc45-2a2b-7d00-9d2ba9fc68c0}.Debug|Any CPU.Build.0 = Debug|Any CPU
		{933841c3-bead-ac59-c47c-4c9a445612ee}.Debug|Any CPU.ActiveCfg = Debug|Any CPU
		{933841c3-bead-ac59-c47c-4c9a445612ee}.Debug|Any CPU.Build.0 = Debug|Any CPU
		{453a0277-588d-3f97-9a53-5ff188018faf}.Debug|Any CPU.ActiveCfg = Debug|Any CPU
		{453a0277-588d-3f97-9a53-5ff188018faf}.Debug|Any CPU.Build.0 = Debug|Any CPU
		{0eaa0331-76c0-5b6f-3dc3-0188d1502973}.Debug|Any CPU.ActiveCfg = Debug|Any CPU
		{0eaa0331-76c0-5b6f-3dc3-0188d1502973}.Debug|Any CPU.Build.0 = Debug|Any CPU
		{ddcde090-8abf-1f26-ea10-73b42e7aebfd}.Debug|Any CPU.ActiveCfg = Debug|Any CPU
		{ddcde090-8abf-1f26-ea10-73b42e7aebfd}.Debug|Any CPU.Build.0 = Debug|Any CPU
		{9eeefa88-8f30-4c15-1503-a37d915c3c62}.Debug|Any CPU.ActiveCfg = Debug|Any CPU
		{9eeefa88-8f30-4c15-1503-a37d915c3c62}.Debug|Any CPU.Build.0 = Debug|Any CPU
		{bcc71e70-c018-2eab-3b18-072ff60ebcf3}.Debug|Any CPU.ActiveCfg = Debug|Any CPU
		{bcc71e70-c018-2eab-3b18-072ff60ebcf3}.Debug|Any CPU.Build.0 = Debug|Any CPU
		{4563026c-2e00-f079-27bc-d6d342610bab}.Debug|Any CPU.ActiveCfg = Debug|Any CPU
		{4563026c-2e00-f079-27bc-d6d342610bab}.Debug|Any CPU.Build.0 = Debug|Any CPU
		{e526d0cb-1a55-4145-4040-8fe4ea52db0c}.Debug|Any CPU.ActiveCfg = Debug|Any CPU
		{e526d0cb-1a55-4145-4040-8fe4ea52db0c}.Debug|Any CPU.Build.0 = Debug|Any CPU
		{e56aced4-6dc2-8a8a-ddb6-acd98c5c9de1}.Debug|Any CPU.ActiveCfg = Debug|Any CPU
		{e56aced4-6dc2-8a8a-ddb6-acd98c5c9de1}.Debug|Any CPU.Build.0 = Debug|Any CPU
		{11556a11-fdc1-ac6f-81b9-a049dd9c5d2b}.Debug|Any CPU.ActiveCfg = Debug|Any CPU
		{11556a11-fdc1-ac6f-81b9-a049dd9c5d2b}.Debug|Any CPU.Build.0 = Debug|Any CPU
		{ee256e06-cb4f-beb1-03d1-8ebcedb31199}.Debug|Any CPU.ActiveCfg = Debug|Any CPU
		{ee256e06-cb4f-beb1-03d1-8ebcedb31199}.Debug|Any CPU.Build.0 = Debug|Any CPU
		{fa37f59d-f0f8-8800-5e37-df0cbd3e1e4f}.Debug|Any CPU.ActiveCfg = Debug|Any CPU
		{fa37f59d-f0f8-8800-5e37-df0cbd3e1e4f}.Debug|Any CPU.Build.0 = Debug|Any CPU
		{93651e88-18de-2bfe-10c8-f12ccd55521b}.Debug|Any CPU.ActiveCfg = Debug|Any CPU
		{93651e88-18de-2bfe-10c8-f12ccd55521b}.Debug|Any CPU.Build.0 = Debug|Any CPU
		{6c942fa2-7906-584e-7026-dc2b1ddd98c1}.Debug|Any CPU.ActiveCfg = Debug|Any CPU
		{6c942fa2-7906-584e-7026-dc2b1ddd98c1}.Debug|Any CPU.Build.0 = Debug|Any CPU
		{5d426463-6602-2bb1-2bc1-1f2c2f0c03e3}.Debug|Any CPU.ActiveCfg = Debug|Any CPU
		{5d426463-6602-2bb1-2bc1-1f2c2f0c03e3}.Debug|Any CPU.Build.0 = Debug|Any CPU
		{d6c80cf8-61af-9968-8bed-7c1984a32c97}.Debug|Any CPU.ActiveCfg = Debug|Any CPU
		{d6c80cf8-61af-9968-8bed-7c1984a32c97}.Debug|Any CPU.Build.0 = Debug|Any CPU
		{6bc079b2-d14a-4089-c6b1-5dc35f34f502}.Debug|Any CPU.ActiveCfg = Debug|Any CPU
		{6bc079b2-d14a-4089-c6b1-5dc35f34f502}.Debug|Any CPU.Build.0 = Debug|Any CPU
		{1ba48d94-8ab9-0f5b-9326-d70f6605c757}.Debug|Any CPU.ActiveCfg = Debug|Any CPU
		{1ba48d94-8ab9-0f5b-9326-d70f6605c757}.Debug|Any CPU.Build.0 = Debug|Any CPU
		{bfeae051-17c6-fdc2-edb4-a545ab42f0c3}.Debug|Any CPU.ActiveCfg = Debug|Any CPU
		{bfeae051-17c6-fdc2-edb4-a545ab42f0c3}.Debug|Any CPU.Build.0 = Debug|Any CPU
		{3fcb4e9c-3ac7-d04a-961d-41d57bf0f5dd}.Debug|Any CPU.ActiveCfg = Debug|Any CPU
		{3fcb4e9c-3ac7-d04a-961d-41d57bf0f5dd}.Debug|Any CPU.Build.0 = Debug|Any CPU
		{f3c5e28e-fcef-f4e3-d189-e7da9cf6fafa}.Debug|Any CPU.ActiveCfg = Debug|Any CPU
		{f3c5e28e-fcef-f4e3-d189-e7da9cf6fafa}.Debug|Any CPU.Build.0 = Debug|Any CPU
		{9ec9949b-4f6c-df67-9a2c-cbab4651c122}.Debug|Any CPU.ActiveCfg = Debug|Any CPU
		{9ec9949b-4f6c-df67-9a2c-cbab4651c122}.Debug|Any CPU.Build.0 = Debug|Any CPU
		{85971990-298b-dfdb-331a-7d1c10aa878e}.Debug|Any CPU.ActiveCfg = Debug|Any CPU
		{85971990-298b-dfdb-331a-7d1c10aa878e}.Debug|Any CPU.Build.0 = Debug|Any CPU
		{632185c5-85f7-cf46-3f34-210eadf96222}.Debug|Any CPU.ActiveCfg = Debug|Any CPU
		{632185c5-85f7-cf46-3f34-210eadf96222}.Debug|Any CPU.Build.0 = Debug|Any CPU
		{7f898e58-87ee-ade6-556e-88f7695febee}.Debug|Any CPU.ActiveCfg = Debug|Any CPU
		{7f898e58-87ee-ade6-556e-88f7695febee}.Debug|Any CPU.Build.0 = Debug|Any CPU
	EndGlobalSection
	GlobalSection(SolutionProperties) = preSolution
		HideSolutionNode = FALSE
	EndGlobalSection
EndGlobal
